# This file is autogenerated, do not edit; changes may be undone by the next 'dep ensure'.


[[projects]]
  branch = "master"
  name = "github.com/alecthomas/template"
  packages = [
    ".",
    "parse"
  ]
  revision = "a0175ee3bccc567396460bf5acd36800cb10c49c"

[[projects]]
  branch = "master"
  name = "github.com/integrii/flaggy"
  packages = ["."]
  revision = "227d37e9bf818b6c5c348f37d0a76daf68b5f042"

[[projects]]
  name = "github.com/openprovider/ecbrates"
  packages = ["."]
  revision = "f3782097d0a7c0b8c5be121d9bea29632736c0d4"
  version = "0.3.0"

[[projects]]
  name = "github.com/pkg/errors"
  packages = ["."]
  revision = "645ef00459ed84a119197bfb8d8205042c6df63d"
  version = "v0.8.0"

[[projects]]
  name = "github.com/shopspring/decimal"
  packages = ["."]
  revision = "cd690d0c9e2447b1ef2a129a6b7b49077da89b8e"
  version = "1.1.0"

[[projects]]
  branch = "v2"
  name = "gopkg.in/tucnak/telebot.v2"
  packages = ["."]
  revision = "b59ea4aec33eba0a5d2eeda2638efe000fa93f22"

[solve-meta]
  analyzer-name = "dep"
  analyzer-version = 1
  inputs-digest = "03dbb28b0132a70dd42dbfb0f9b9d362f641c2844da5f7501fe2ad03c568bda4"
  solver-name = "gps-cdcl"
  solver-version = 1
